
Microsoft Visual Studio Solution File, Format Version 12.00
# Visual Studio Version 17
VisualStudioVersion = 17.13.35931.197 d17.13
MinimumVisualStudioVersion = 10.0.40219.1
Project("{FAE04EC0-301F-11D3-BF4B-00C04F79EFBC}") = "WpfSimpleMessageBox", "WpfSimpleMessageBox\WpfSimpleMessageBox.csproj", "{A13745FC-C327-40CD-B849-810EB1209B8A}"
EndProject
Project("{FAE04EC0-301F-11D3-BF4B-00C04F79EFBC}") = "WpfSimpleMessageBox.Test", "WpfSimpleMessageBox.Test\WpfSimpleMessageBox.Test.csproj", "{88B3593E-B4C2-4D62-8BEB-E14372982E76}"
EndProject
Global
	GlobalSection(SolutionConfigurationPlatforms) = preSolution
		Debug|Any CPU = Debug|Any CPU
		Release|Any CPU = Release|Any CPU
	EndGlobalSection
	GlobalSection(ProjectConfigurationPlatforms) = postSolution
		{A13745FC-C327-40CD-B849-810EB1209B8A}.Debug|Any CPU.ActiveCfg = Debug|Any CPU
		{A13745FC-C327-40CD-B849-810EB1209B8A}.Debug|Any CPU.Build.0 = Debug|Any CPU
		{A13745FC-C327-40CD-B849-810EB1209B8A}.Release|Any CPU.ActiveCfg = Release|Any CPU
		{A13745FC-C327-40CD-B849-810EB1209B8A}.Release|Any CPU.Build.0 = Release|Any CPU
		{88B3593E-B4C2-4D62-8BEB-E14372982E76}.Debug|Any CPU.ActiveCfg = Debug|Any CPU
		{88B3593E-B4C2-4D62-8BEB-E14372982E76}.Debug|Any CPU.Build.0 = Debug|Any CPU
		{88B3593E-B4C2-4D62-8BEB-E14372982E76}.Release|Any CPU.ActiveCfg = Release|Any CPU
		{88B3593E-B4C2-4D62-8BEB-E14372982E76}.Release|Any CPU.Build.0 = Release|Any CPU
	EndGlobalSection
	GlobalSection(SolutionProperties) = preSolution
		HideSolutionNode = FALSE
	EndGlobalSection
	GlobalSection(ExtensibilityGlobals) = postSolution
		SolutionGuid = {9B093DDE-5BF4-4178-B150-7B8014896AC5}
	EndGlobalSection
EndGlobal
